<Solution>
  <Folder Name="/src/" />
  <Folder Name="/src/Bootstrap/">
    <Project Path="src/Bootstrap/Opure.Bootstrap.Windows/Opure.Bootstrap.Windows.csproj" />
  </Folder>
  <Folder Name="/src/Cli/">
    <Project Path="src/Cli/Opure.Cli/Opure.Cli.csproj" />
  </Folder>
  <Folder Name="/src/Configuration/">
    <Project Path="src/Configuration/Opure.Configuration.Contracts/Opure.Configuration.Contracts.csproj" />
    <Project Path="src/Configuration/Opure.Configuration/Opure.Configuration.csproj" />
  </Folder>
  <Folder Name="/src/Desktop/">
    <Project Path="src/Desktop/Opure.Desktop.Contracts/Opure.Desktop.Contracts.csproj" />
    <Project Path="src/Desktop/Opure.Desktop.GatewayClient/Opure.Desktop.GatewayClient.csproj" />
    <Project Path="src/Desktop/Opure.Desktop/Opure.Desktop.csproj" />
  </Folder>
  <Folder Name="/src/Filesystem/">
    <Project Path="src/Filesystem/Opure.Filesystem.Contracts/Opure.Filesystem.Contracts.csproj" />
    <Project Path="src/Filesystem/Opure.Filesystem.Windows/Opure.Filesystem.Windows.csproj" />
  </Folder>
  <Folder Name="/src/Ipc/">
    <Project Path="src/Ipc/Opure.Ipc.Abstractions/Opure.Ipc.Abstractions.csproj" />
    <Project Path="src/Ipc/Opure.Ipc.NamedPipes.Windows/Opure.Ipc.NamedPipes.Windows.csproj" />
  </Folder>
  <Folder Name="/src/Observability/">
    <Project Path="src/Observability/Opure.Observability.Contracts/Opure.Observability.Contracts.csproj" />
    <Project Path="src/Observability/Opure.Observability/Opure.Observability.csproj" />
  </Folder>
  <Folder Name="/src/Packaging/">
    <Project Path="src/Packaging/Opure.Packaging.Windows/Opure.Packaging.Windows.csproj" />
  </Folder>
  <Folder Name="/src/Patch/">
    <Project Path="src/Patch/Opure.Patch.Contracts/Opure.Patch.Contracts.csproj" />
  </Folder>
  <Folder Name="/src/Persistence/">
    <Project Path="src/Persistence/Opure.Persistence.Sqlite/Opure.Persistence.Sqlite.csproj" />
  </Folder>
  <Folder Name="/src/Project/">
    <Project Path="src/Project/Opure.Project.Contracts/Opure.Project.Contracts.csproj" />
    <Project Path="src/Project/Opure.Project.Protocol/Opure.Project.Protocol.csproj" />
    <Project Path="src/Project/Opure.Project.Service/Opure.Project.Service.csproj" />
    <Project Path="src/Project/Opure.Project.Sqlite/Opure.Project.Sqlite.csproj" />
  </Folder>
  <Folder Name="/src/Recovery/">
    <Project Path="src/Recovery/Opure.Recovery.Contracts/Opure.Recovery.Contracts.csproj" />
    <Project Path="src/Recovery/Opure.Recovery.Protocol/Opure.Recovery.Protocol.csproj" />
    <Project Path="src/Recovery/Opure.Recovery.Service/Opure.Recovery.Service.csproj" />
    <Project Path="src/Recovery/Opure.Recovery.ServiceAdapters/Opure.Recovery.ServiceAdapters.csproj" />
  </Folder>
  <Folder Name="/src/Repository/">
    <Project Path="src/Repository/Opure.Repository.Contracts/Opure.Repository.Contracts.csproj" />
    <Project Path="src/Repository/Opure.Repository.Git/Opure.Repository.Git.csproj" />
  </Folder>
  <Folder Name="/src/Runtime/">
    <Project Path="src/Runtime/Opure.Runtime.Contracts/Opure.Runtime.Contracts.csproj" />
    <Project Path="src/Runtime/Opure.Runtime/Opure.Runtime.csproj" />
  </Folder>
  <Folder Name="/src/Trust/">
    <Project Path="src/Trust/Opure.TrustEvidence.Contracts/Opure.TrustEvidence.Contracts.csproj" />
    <Project Path="src/Trust/Opure.TrustEvidence.Protocol/Opure.TrustEvidence.Protocol.csproj" />
    <Project Path="src/Trust/Opure.TrustEvidence.Service/Opure.TrustEvidence.Service.csproj" />
    <Project Path="src/Trust/Opure.TrustEvidence.Sqlite/Opure.TrustEvidence.Sqlite.csproj" />
  </Folder>
  <Folder Name="/src/Workspace/">
    <Project Path="src/Workspace/Opure.Workspace.Contracts/Opure.Workspace.Contracts.csproj" />
    <Project Path="src/Workspace/Opure.Workspace.Protocol/Opure.Workspace.Protocol.csproj" />
    <Project Path="src/Workspace/Opure.Workspace.Service/Opure.Workspace.Service.csproj" />
    <Project Path="src/Workspace/Opure.Workspace.Sqlite/Opure.Workspace.Sqlite.csproj" />
    <Project Path="src/Workspace/Opure.Workspace.Windows/Opure.Workspace.Windows.csproj" />
  </Folder>
  <Folder Name="/tests/" />
  <Folder Name="/tests/Architecture/">
    <Project Path="tests/Architecture/Opure.ArchitectureTests/Opure.ArchitectureTests.csproj" />
  </Folder>
  <Folder Name="/tests/Bootstrap/">
    <Project Path="tests/Bootstrap/Opure.Bootstrap.Windows.Tests/Opure.Bootstrap.Windows.Tests.csproj" />
  </Folder>
  <Folder Name="/tests/Configuration/">
    <Project Path="tests/Configuration/Opure.Configuration.Contracts.Tests/Opure.Configuration.Contracts.Tests.csproj" />
    <Project Path="tests/Configuration/Opure.Configuration.Tests/Opure.Configuration.Tests.csproj" />
  </Folder>
  <Folder Name="/tests/Desktop/">
    <Project Path="tests/Desktop/Opure.Desktop.GatewayClient.Tests/Opure.Desktop.GatewayClient.Tests.csproj" />
    <Project Path="tests/Desktop/Opure.Desktop.Tests/Opure.Desktop.Tests.csproj" />
  </Folder>
  <Folder Name="/tests/EndToEnd/">
    <Project Path="tests/EndToEnd/Opure.EndToEnd.Tests/Opure.EndToEnd.Tests.csproj" />
  </Folder>
  <Folder Name="/tests/Filesystem/">
    <Project Path="tests/Filesystem/Opure.Filesystem.Windows.Tests/Opure.Filesystem.Windows.Tests.csproj" />
  </Folder>
  <Folder Name="/tests/Ipc/">
    <Project Path="tests/Ipc/Opure.Ipc.NamedPipes.Windows.Tests/Opure.Ipc.NamedPipes.Windows.Tests.csproj" />
  </Folder>
  <Folder Name="/tests/Observability/">
    <Project Path="tests/Observability/Opure.Observability.Tests/Opure.Observability.Tests.csproj" />
  </Folder>
  <Folder Name="/tests/Patch/">
    <Project Path="tests/Patch/Opure.Patch.Contracts.Tests/Opure.Patch.Contracts.Tests.csproj" />
  </Folder>
  <Folder Name="/tests/Persistence/">
    <Project Path="tests/Persistence/Opure.Persistence.Sqlite.Tests/Opure.Persistence.Sqlite.Tests.csproj" />
  </Folder>
  <Folder Name="/tests/Project/">
    <Project Path="tests/Project/Opure.Project.Sqlite.Tests/Opure.Project.Sqlite.Tests.csproj" />
  </Folder>
  <Folder Name="/tests/Recovery/">
    <Project Path="tests/Recovery/Opure.Recovery.Contracts.Tests/Opure.Recovery.Contracts.Tests.csproj" />
    <Project Path="tests/Recovery/Opure.Recovery.Service.Tests/Opure.Recovery.Service.Tests.csproj" />
  </Folder>
  <Folder Name="/tests/Runtime/">
    <Project Path="tests/Runtime/Opure.Runtime.Tests/Opure.Runtime.Tests.csproj" />
  </Folder>
  <Folder Name="/tests/Trust/">
    <Project Path="tests/Trust/Opure.TrustEvidence.Contracts.Tests/Opure.TrustEvidence.Contracts.Tests.csproj" />
    <Project Path="tests/Trust/Opure.TrustEvidence.Sqlite.Tests/Opure.TrustEvidence.Sqlite.Tests.csproj" />
  </Folder>
  <Folder Name="/tests/Workspace/">
    <Project Path="tests/Workspace/Opure.Workspace.Protocol.Tests/Opure.Workspace.Protocol.Tests.csproj" />
    <Project Path="tests/Workspace/Opure.Workspace.Service.Tests/Opure.Workspace.Service.Tests.csproj" />
    <Project Path="tests/Workspace/Opure.Workspace.Sqlite.Tests/Opure.Workspace.Sqlite.Tests.csproj" />
    <Project Path="tests/Workspace/Opure.Workspace.Windows.Tests/Opure.Workspace.Windows.Tests.csproj" />
  </Folder>
</Solution>
