{
  "version": 2,
  "dependencies": {
    "net10.0": {
      "Google.Protobuf": {
        "type": "Direct",
        "requested": "[3.35.1, )",
        "resolved": "3.35.1",
        "contentHash": "pxtkuXhR8svkvDTQrYew9GZQt6eWhblz/V/WKUFrQgkHYlQPsumJTeF6ppHRJpe6j9ffukkd5lQULiiKaek4xA=="
      },
      "Grpc.Core.Api": {
        "type": "Direct",
        "requested": "[2.80.0, )",
        "resolved": "2.80.0",
        "contentHash": "i/8s+MOrYa6n7BmZ5bilcbHk+EMJDQHm2MKLhwGAT+urQqlZ6cpjvSivYvuULjebuX+UKieLYZbLRCmVQxFRkw=="
      },
      "Grpc.Tools": {
        "type": "Direct",
        "requested": "[2.82.0, )",
        "resolved": "2.82.0",
        "contentHash": "jqD/u8PHvZLCwSu+kxYMjq+wlMYp6qN9Gk1FAjTvS/SDYafPgRwB2wQiKD0yDwX/5BWQnUG3IIOsNPcqgCLVtg=="
      },
      "Nerdbank.GitVersioning": {
        "type": "Direct",
        "requested": "[3.10.70, )",
        "resolved": "3.10.70",
        "contentHash": "ekrfhtcVnPp4rn3+41MCh2eTBC4DKxCtqZFeA1AF5fAIrMNHQGNaCzG8+HdrCLDmDuHpGfKvL1ukTtAK1iN+UA=="
      }
    }
  }
}