{
  "version": 2,
  "dependencies": {
    "net10.0": {
      "Microsoft.Data.Sqlite": {
        "type": "Direct",
        "requested": "[10.0.10, )",
        "resolved": "10.0.10",
        "contentHash": "58JwZ39lCvRXHfV5O6RQfbHEDu8ZsXI7weRoVRR4jrGRxxkS+qyeuGrN2xD+9VYEICApYr0iTSL6PuU+DdsvPg==",
        "dependencies": {
          "Microsoft.Data.Sqlite.Core": "10.0.10",
          "SQLitePCLRaw.bundle_e_sqlite3": "2.1.11",
          "SQLitePCLRaw.core": "2.1.11"
        }
      },
      "Microsoft.NET.Test.Sdk": {
        "type": "Direct",
        "requested": "[18.8.1, )",
        "resolved": "18.8.1",
        "contentHash": "dknJL3/9Y3t4XuCBqnc0PevPxgLsUMmVhjwup/b1HNovA8zWcj3XsfIf7c6p05363DWcqL7X/YhDL9B+Zymv1w==",
        "dependencies": {
          "Microsoft.CodeCoverage": "18.8.1",
          "Microsoft.TestPlatform.TestHost": "18.8.1"
        }
      },
      "Nerdbank.GitVersioning": {
        "type": "Direct",
        "requested": "[3.10.70, )",
        "resolved": "3.10.70",
        "contentHash": "ekrfhtcVnPp4rn3+41MCh2eTBC4DKxCtqZFeA1AF5fAIrMNHQGNaCzG8+HdrCLDmDuHpGfKvL1ukTtAK1iN+UA=="
      },
      "SQLitePCLRaw.bundle_e_sqlite3": {
        "type": "Direct",
        "requested": "[2.1.12, )",
        "resolved": "2.1.12",
        "contentHash": "mAgscpQMLw5/nfA1Q5oJVAT29yROUo1ifZGbbTpx/lwZpSxMUGoYbKfmvdm8oXER+RzxqBmmQzeBEVKfeHv2nw==",
        "dependencies": {
          "SQLitePCLRaw.lib.e_sqlite3": "2.1.12",
          "SQLitePCLRaw.provider.e_sqlite3": "2.1.12"
        }
      },
      "xunit.runner.visualstudio": {
        "type": "Direct",
        "requested": "[3.1.5, )",
        "resolved": "3.1.5",
        "contentHash": "tKi7dSTwP4m5m9eXPM2Ime4Kn7xNf4x4zT9sdLO/G4hZVnQCRiMTWoSZqI/pYTVeI27oPPqHBKYI/DjJ9GsYgA=="
      },
      "xunit.v3": {
        "type": "Direct",
        "requested": "[3.2.2, )",
        "resolved": "3.2.2",
        "contentHash": "L+4/4y0Uqcg8/d6hfnxhnwh4j9FaeULvefTwrk30rr1o4n/vdPfyUQ8k0yzH8VJx7bmFEkDdcRfbtbjEHlaYcA==",
        "dependencies": {
          "xunit.v3.mtp-v1": "[3.2.2]"
        }
      },
      "Avalonia.Angle.Windows.Natives": {
        "type": "Transitive",
        "resolved": "2.1.27548.20260419",
        "contentHash": "l17nI3XVDN3oMnpjf2pnmJg0YTwK4m6NLsn/itAjDMdObTFxN77D5F1M9sRMSfViSY3KKcse1ROczwgoWLJsnA=="
      },
      "Avalonia.BuildServices": {
        "type": "Transitive",
        "resolved": "11.3.2",
        "contentHash": "qHDToxto1e3hci5YqbG9n0Ty8mlp3zBUN5wT66wKqaDVzXyQ0do3EnRILd4Ke9jpvsktaPpgE0YjEk7hornryQ=="
      },
      "Avalonia.FreeDesktop": {
        "type": "Transitive",
        "resolved": "12.1.0",
        "contentHash": "89mrS7dSYtisJrjQufCOomHeAynlVVKZ+dq4leKtzHXXKVoWsE0Nb2ymiNYPMlirwzwpemflGj+K34opwyLeJQ==",
        "dependencies": {
          "Avalonia": "12.1.0",
          "Tmds.DBus.Protocol": "0.94.1"
        }
      },
      "Avalonia.FreeDesktop.AtSpi": {
        "type": "Transitive",
        "resolved": "12.1.0",
        "contentHash": "WWahMjzKtDl2PGHa8mS6NHIVMT+JNKVIeT5xMLp9SBTMvjHNpEbXTX3PNbbIQ7hRMSETAJ/PAnvgOzatGktEKQ==",
        "dependencies": {
          "Avalonia": "12.1.0"
        }
      },
      "Avalonia.HarfBuzz": {
        "type": "Transitive",
        "resolved": "12.1.0",
        "contentHash": "uWPa/kg+fmqhrUR5GzFC2ZL2MPszxcEy14hTSwu3VhjwTnaVarUozoPmggQjZG4A4s6w2bcGepsYYaCM/eOoMA==",
        "dependencies": {
          "Avalonia": "12.1.0",
          "HarfBuzzSharp": "8.3.1.3",
          "HarfBuzzSharp.NativeAssets.Linux": "8.3.1.3",
          "HarfBuzzSharp.NativeAssets.WebAssembly": "8.3.1.3"
        }
      },
      "Avalonia.Native": {
        "type": "Transitive",
        "resolved": "12.1.0",
        "contentHash": "mfNMtGP7rEVWSZoii0l40mlNhgNR6ZISTvHP7OAMn5YQHiK66EjfN26SL/kLnz1buy2VtMIiGVBbIttL8FYCZg==",
        "dependencies": {
          "Avalonia": "12.1.0"
        }
      },
      "Avalonia.Remote.Protocol": {
        "type": "Transitive",
        "resolved": "12.1.0",
        "contentHash": "p6OKt6O7vOub4TS2pAjaeW0Y13oxrPs4uixeVZpJByiSQKKk+LyApN5yRy2JerpfTMtI86Y5pNwugyKTHZJnAw=="
      },
      "Avalonia.Skia": {
        "type": "Transitive",
        "resolved": "12.1.0",
        "contentHash": "K63pwExQkcjVbsYJOiOq0hYAO4G5d7T42yK8MGNrvwBKv/bJVlV14jGvV4wXcsuYAU8IWlOHgqq5sMUiDfj4vw==",
        "dependencies": {
          "Avalonia": "12.1.0",
          "HarfBuzzSharp": "8.3.1.3",
          "HarfBuzzSharp.NativeAssets.Linux": "8.3.1.3",
          "HarfBuzzSharp.NativeAssets.WebAssembly": "8.3.1.3",
          "SkiaSharp": "3.119.4",
          "SkiaSharp.NativeAssets.Linux": "3.119.4",
          "SkiaSharp.NativeAssets.WebAssembly": "3.119.4"
        }
      },
      "Avalonia.Win32": {
        "type": "Transitive",
        "resolved": "12.1.0",
        "contentHash": "D0xxPtFeOK8cKK991ul92rlFtDO3II0E44dHM0ix4/8LVc9+1LaMdbf1eMnp1RclFwX2bt7HPhbySnrG5uArxA==",
        "dependencies": {
          "Avalonia": "12.1.0",
          "Avalonia.Angle.Windows.Natives": "2.1.27548.20260419"
        }
      },
      "Avalonia.X11": {
        "type": "Transitive",
        "resolved": "12.1.0",
        "contentHash": "6+YHVGf44ictmGj88diMCw9pC9tiwnMlUgosDi0VDmyUQFuy/mJIa4J0rZu6G+UMbjGuyLDQLmtvU4tTOhLMPg==",
        "dependencies": {
          "Avalonia": "12.1.0",
          "Avalonia.FreeDesktop": "12.1.0",
          "Avalonia.FreeDesktop.AtSpi": "12.1.0",
          "Avalonia.Skia": "12.1.0"
        }
      },
      "Grpc.Net.Common": {
        "type": "Transitive",
        "resolved": "2.80.0",
        "contentHash": "E2ERsx+9IXlry4yjBl8btx0XMIKzymGNSvX5jmBS/uSwYyYDoKIDcIREyLqFLvd8vcJdcoRlycpvn9YRXutFpQ==",
        "dependencies": {
          "Grpc.Core.Api": "2.80.0"
        }
      },
      "HarfBuzzSharp": {
        "type": "Transitive",
        "resolved": "8.3.1.3",
        "contentHash": "NGZ2+ZVNPM+NdHB/asW0/ykWngyHWwcqjrbN2nDeH1B/aptPGlCUl8wkQ2cSJxw5fdWgdmIPmNuTPWpLwNVXWg==",
        "dependencies": {
          "HarfBuzzSharp.NativeAssets.Win32": "8.3.1.3",
          "HarfBuzzSharp.NativeAssets.macOS": "8.3.1.3"
        }
      },
      "HarfBuzzSharp.NativeAssets.Linux": {
        "type": "Transitive",
        "resolved": "8.3.1.3",
        "contentHash": "RI6A1LgmooU30+4QIyFt5rmBCzP0VzTR+587IJSGvYIsHHWlahFufihYxtraLfsIhW7I8dn6+xX+DZGygOPKWQ=="
      },
      "HarfBuzzSharp.NativeAssets.macOS": {
        "type": "Transitive",
        "resolved": "8.3.1.3",
        "contentHash": "KPTq0xnslkI6nAo0jh3ptcQPJvZZr7MWYXa2jUe4SnHc9q+JlHElmNXp0sfFoiTgoCX7WOYpYsurypuH9Gehxw=="
      },
      "HarfBuzzSharp.NativeAssets.WebAssembly": {
        "type": "Transitive",
        "resolved": "8.3.1.3",
        "contentHash": "w2QfdNm9Uz/sUa0B5D+OnVQhyq3G/fBq6ibQMdWBlQqqwh0g0/5j3RFvYqZAmRZ5+RzvjVe8o8SFFnWYUSkuxA=="
      },
      "HarfBuzzSharp.NativeAssets.Win32": {
        "type": "Transitive",
        "resolved": "8.3.1.3",
        "contentHash": "bx8CE8Js+XGX8PUxAHCBDEORt5aaBYtMN4Hr9QFs57Xithh6yjUyYqksizH6eRDhJkwsGI+SXWmPmMm8lZC9Pw=="
      },
      "Humanizer.Core": {
        "type": "Transitive",
        "resolved": "2.14.1",
        "contentHash": "lQKvtaTDOXnoVJ20ibTuSIOf2i0uO0MPbDhd1jm238I+U/2ZnRENj0cktKZhtchBMtCUSRQ5v4xBCUbKNmyVMw=="
      },
      "Json.More.Net": {
        "type": "Transitive",
        "resolved": "2.0.1.2",
        "contentHash": "uF3QeiaXEfH92emz0/BWUiNtMSfxIIvgynuB0Bf1vF4s8eWTcZitBx9l+g/FDaJk5XxqBv9buQXizXKQcXFG1w=="
      },
      "JsonPointer.Net": {
        "type": "Transitive",
        "resolved": "5.0.0",
        "contentHash": "fm4T5w20AY6C+p5/pJr0vrXRNGgtSfHl34I1LxC9zdPwS9S3j0GiR1Mz/CVPWKDXXGDpCt1APHpCq7kn5adCfA==",
        "dependencies": {
          "Humanizer.Core": "2.14.1",
          "Json.More.Net": "2.0.1.2"
        }
      },
      "LibGit2Sharp.NativeBinaries": {
        "type": "Transitive",
        "resolved": "2.0.324",
        "contentHash": "5YZVGNuO9nYFQfzRQGPGY9fdpSsABwlF2jSaZ7ydxCfjvt5Krbj/eHbXkvvgAQzp4lkjvgDrlAuuI4KTmqhDlA=="
      },
      "libsodium": {
        "type": "Transitive",
        "resolved": "1.0.19",
        "contentHash": "tupm/HViwBN6Knd/gckR+cLaJGR39GLmiU4iDMM5hp/1BoczMr8fwJhSU+3/C2V4hi9nBK/4FICRKtTLU30TCA=="
      },
      "MicroCom.Runtime": {
        "type": "Transitive",
        "resolved": "0.11.6",
        "contentHash": "NdNWGDiZ6eS/Mf/9+QHR91cj1K7Hy+PX9yrHI/zM7xFYuj9IWT2uxtB6sCHjrnxAeLV9fut1R6zHDUGKX6f9lQ=="
      },
      "Microsoft.AI.DirectML": {
        "type": "Transitive",
        "resolved": "1.15.1",
        "contentHash": "j1zJaXb6nKpYFaHLTH/jA5xr0Am1TeRUadkve63Gs1Mkg6xZiwDbXvPg4qMDRcpEZmYKzwHax53duheEz3nzAg=="
      },
      "Microsoft.ApplicationInsights": {
        "type": "Transitive",
        "resolved": "2.23.0",
        "contentHash": "nWArUZTdU7iqZLycLKWe0TDms48KKGE6pONH2terYNa8REXiqixrMOkf1sk5DHGMaUTqONU2YkS4SAXBhLStgw=="
      },
      "Microsoft.Bcl.AsyncInterfaces": {
        "type": "Transitive",
        "resolved": "6.0.0",
        "contentHash": "UcSjPsst+DfAdJGVDsu346FX0ci0ah+lw3WRtn18NUwEqRt70HaOQ7lI72vy3+1LxtqI3T5GWwV39rQSrCzAeg=="
      },
      "Microsoft.CodeAnalysis.Analyzers": {
        "type": "Transitive",
        "resolved": "3.3.4",
        "contentHash": "AxkxcPR+rheX0SmvpLVIGLhOUXAKG56a64kV9VQZ4y9gR9ZmPXnqZvHJnmwLSwzrEP6junUF11vuc+aqo5r68g=="
      },
      "Microsoft.CodeAnalysis.Common": {
        "type": "Transitive",
        "resolved": "4.11.0",
        "contentHash": "djf8ujmqYImFgB04UGtcsEhHrzVqzHowS+EEl/Yunc5LdrYrZhGBWUTXoCF0NzYXJxtfuD+UVQarWpvrNc94Qg==",
        "dependencies": {
          "Microsoft.CodeAnalysis.Analyzers": "3.3.4"
        }
      },
      "Microsoft.CodeCoverage": {
        "type": "Transitive",
        "resolved": "18.8.1",
        "contentHash": "Eclse/ZZjr4lmWzZFNN9h/OluhKL+SK/QbUyKUewgX139aGeyMEO/DkMPwuFs2MixvanTnz6891rF8UHDg+W4Q=="
      },
      "Microsoft.Data.Sqlite.Core": {
        "type": "Transitive",
        "resolved": "10.0.10",
        "contentHash": "TPCs0ldm7AWqcKmp6f/Xr+14sat7hx4rHfRlS4RgCURBH2thEWbAKEyX7cCWr63zVJVOJIJZTg2cBiUXa8ys6g==",
        "dependencies": {
          "SQLitePCLRaw.core": "2.1.11"
        }
      },
      "Microsoft.Extensions.DependencyInjection.Abstractions": {
        "type": "Transitive",
        "resolved": "8.0.0",
        "contentHash": "cjWrLkJXK0rs4zofsK4bSdg+jhDLTaxrkXu4gS6Y7MAlCvRyNNgwY/lJi5RDlQOnSZweHqoyvgvbdvQsRIW+hg=="
      },
      "Microsoft.Extensions.Logging.Abstractions": {
        "type": "Transitive",
        "resolved": "8.0.0",
        "contentHash": "arDBqTgFCyS0EvRV7O3MZturChstm50OJ0y9bDJvAcmEPJm0FFpFyjU/JLYyStNGGey081DvnQYlncNX5SJJGA==",
        "dependencies": {
          "Microsoft.Extensions.DependencyInjection.Abstractions": "8.0.0"
        }
      },
      "Microsoft.ML.OnnxRuntime.Managed": {
        "type": "Transitive",
        "resolved": "1.19.2",
        "contentHash": "4oNu7/L1ar3PmXNvAnary0/MbyqNkKDmisrG54QVbFoSuW1GNw1CcWDBrlYHbafo41p4/cnVQ3lF/IHuSm8quQ=="
      },
      "Microsoft.Testing.Extensions.Telemetry": {
        "type": "Transitive",
        "resolved": "1.9.1",
        "contentHash": "No5AudZMmSb+uNXjlgL2y3/stHD2IT4uxqc5yHwkE+/nNux9jbKcaJMvcp9SwgP4DVD8L9/P3OUz8mmmcvEIdQ==",
        "dependencies": {
          "Microsoft.ApplicationInsights": "2.23.0",
          "Microsoft.Testing.Platform": "1.9.1"
        }
      },
      "Microsoft.Testing.Extensions.TrxReport.Abstractions": {
        "type": "Transitive",
        "resolved": "1.9.1",
        "contentHash": "AL46Xe1WBi85Ntd4mNPvat5ZSsZ2uejiVqoKCypr8J3wK0elA5xJ3AN4G/Q4GIwzUFnggZoH/DBjnr9J18IO/g==",
        "dependencies": {
          "Microsoft.Testing.Platform": "1.9.1"
        }
      },
      "Microsoft.Testing.Platform": {
        "type": "Transitive",
        "resolved": "1.9.1",
        "contentHash": "QafNtNSmEI0zazdebnsIkDKmFtTSpmx/5PLOjURWwozcPb3tvRxzosQSL8xwYNM1iPhhKiBksXZyRSE2COisrA=="
      },
      "Microsoft.Testing.Platform.MSBuild": {
        "type": "Transitive",
        "resolved": "1.9.1",
        "contentHash": "oTUtyR4X/s9ytuiNA29FGsNCCH0rNmY5Wdm14NCKLjTM1cT9edVSlA+rGS/mVmusPqcP0l/x9qOnMXg16v87RQ==",
        "dependencies": {
          "Microsoft.Testing.Platform": "1.9.1"
        }
      },
      "Microsoft.TestPlatform.ObjectModel": {
        "type": "Transitive",
        "resolved": "18.8.1",
        "contentHash": "qLbktNB1+b1XZLNJBTzaWVVJAd6PEzD7cgD406geMb6PcFZhp3EDNa1tctWx1+mtMU6MP/6ozVvFPC9vs2a9rw=="
      },
      "Microsoft.TestPlatform.TestHost": {
        "type": "Transitive",
        "resolved": "18.8.1",
        "contentHash": "FaQHPDTUOcE+SFTjssNPfrub2lT9Zyon4J2W/KLHt/efLJACb1TCeWXyOgh0D/4Q1e4n+S3E6mOKud+9nLZlEA==",
        "dependencies": {
          "Microsoft.TestPlatform.ObjectModel": "18.8.1"
        }
      },
      "Microsoft.Win32.Registry": {
        "type": "Transitive",
        "resolved": "5.0.0",
        "contentHash": "dDoKi0PnDz31yAyETfRntsLArTlVAVzUzCIvvEDsDsucrl33Dl8pIJG06ePTJTI3tGpeyHS9Cq7Foc/s4EeKcg=="
      },
      "SkiaSharp": {
        "type": "Transitive",
        "resolved": "3.119.4",
        "contentHash": "53NOSUZ1Us+91Sm0uCkIivh/k7jOowRErZT2sIWwPFN9mLUvdxnE6rS4sWo4255+Rd2MWUSF+j0NMZHD6Cke+Q==",
        "dependencies": {
          "SkiaSharp.NativeAssets.Win32": "3.119.4",
          "SkiaSharp.NativeAssets.macOS": "3.119.4"
        }
      },
      "SkiaSharp.NativeAssets.Linux": {
        "type": "Transitive",
        "resolved": "3.119.4",
        "contentHash": "UAyVzbqNfZsZbKbzj68zXLyUyF/SbTKmzTfOO6qDu++dtIUMMTzPBe8oOuzU/DiewpfKoUUlOSsJmqWc6blxBw=="
      },
      "SkiaSharp.NativeAssets.macOS": {
        "type": "Transitive",
        "resolved": "3.119.4",
        "contentHash": "fgBOWEqbY012x7gMfJU4ezgz6dfhJb30Z6YdW35h85Zoe39+a8YNbAAwL29ihPfWoppg5AjvyKNzD1oCvlqWwA=="
      },
      "SkiaSharp.NativeAssets.WebAssembly": {
        "type": "Transitive",
        "resolved": "3.119.4",
        "contentHash": "S1HOxtBbD4bYDtA2e9WH5TX+lxqRrTPvKjrjttRhxnHNNu7YY8VFo/LeCP7tNqoTA6PV+8vsvNbmRUEC2ip8RQ=="
      },
      "SkiaSharp.NativeAssets.Win32": {
        "type": "Transitive",
        "resolved": "3.119.4",
        "contentHash": "XOpbx/4CReO2wYsq2s6rbvdauc6dntG4Zv499sHGTJ87bwZaFXszFkwql3+FIZMc8kUPeaj3Mx2ezIJmo8a1Kg=="
      },
      "SQLitePCLRaw.core": {
        "type": "Transitive",
        "resolved": "2.1.12",
        "contentHash": "ETpNw9DY3ckWLgRRAeCHj+GKOuPi61aeczkXhgHexUvqoZBAYg8RYESE2J7O1M7+o6QbdSEZwrw9bfqztUVWXg=="
      },
      "SQLitePCLRaw.lib.e_sqlite3": {
        "type": "Transitive",
        "resolved": "2.1.12",
        "contentHash": "fWi8Dbknuhgg72fWinIdjXVaqO1hHL4YBBwVLnr7e1c9TAZwJ0QE38j9syW1hwx6HaqEVTwI+O07WPdZn8Rp0w=="
      },
      "SQLitePCLRaw.provider.e_sqlite3": {
        "type": "Transitive",
        "resolved": "2.1.12",
        "contentHash": "W3oH4XIfCzFrgUSDKHhN6N+dgzA5YHOR2VxX8GB6Qy7CyrJJgxPEG8NirgYWlPQC5P2jz2knSsexWu4tDUL33g==",
        "dependencies": {
          "SQLitePCLRaw.core": "2.1.12"
        }
      },
      "Tmds.DBus.Protocol": {
        "type": "Transitive",
        "resolved": "0.94.1",
        "contentHash": "11YMr7FnAbL83bQmVxlhbIKHvSLxjO81D12Ej0QMSGXMDTxNA9MTOa4MQxx43nv5el/efuPHwzyrj6a5ha2gug=="
      },
      "xunit.analyzers": {
        "type": "Transitive",
        "resolved": "1.27.0",
        "contentHash": "y/pxIQaLvk/kxAoDkZW9GnHLCEqzwl5TW0vtX3pweyQpjizB9y3DXhb9pkw2dGeUqhLjsxvvJM1k89JowU6z3g=="
      },
      "xunit.v3.assert": {
        "type": "Transitive",
        "resolved": "3.2.2",
        "contentHash": "BPciBghgEEaJN/JG00QfCYDfEfnLgQhfnYEy+j1izoeHVNYd5+3Wm8GJ6JgYysOhpBPYGE+sbf75JtrRc7jrdA=="
      },
      "xunit.v3.common": {
        "type": "Transitive",
        "resolved": "3.2.2",
        "contentHash": "Hj775PEH6GTbbg0wfKRvG2hNspDCvTH9irXhH4qIWgdrOSV1sQlqPie+DOvFeigsFg2fxSM3ZAaaCDQs+KreFA==",
        "dependencies": {
          "Microsoft.Bcl.AsyncInterfaces": "6.0.0"
        }
      },
      "xunit.v3.core.mtp-v1": {
        "type": "Transitive",
        "resolved": "3.2.2",
        "contentHash": "Ga5aA2Ca9ktz+5k3g5ukzwfexwoqwDUpV6z7atSEUvqtd6JuybU1XopHqg1oFd78QdTfZgZE9h5sHpO4qYIi5w==",
        "dependencies": {
          "Microsoft.Testing.Extensions.Telemetry": "1.9.1",
          "Microsoft.Testing.Extensions.TrxReport.Abstractions": "1.9.1",
          "Microsoft.Testing.Platform": "1.9.1",
          "Microsoft.Testing.Platform.MSBuild": "1.9.1",
          "xunit.v3.extensibility.core": "[3.2.2]",
          "xunit.v3.runner.inproc.console": "[3.2.2]"
        }
      },
      "xunit.v3.extensibility.core": {
        "type": "Transitive",
        "resolved": "3.2.2",
        "contentHash": "srY8z/oMPvh/t8axtO2DwrHajhFMH7tnqKildvYrVQIfICi8fOn3yIBWkVPAcrKmHMwvXRJ/XsQM3VMR6DOYfQ==",
        "dependencies": {
          "xunit.v3.common": "[3.2.2]"
        }
      },
      "xunit.v3.mtp-v1": {
        "type": "Transitive",
        "resolved": "3.2.2",
        "contentHash": "O41aAzYKBT5PWqATa1oEWVNCyEUypFQ4va6K0kz37dduV3EKzXNMaV2UnEhufzU4Cce1I33gg0oldS8tGL5I0A==",
        "dependencies": {
          "xunit.analyzers": "1.27.0",
          "xunit.v3.assert": "[3.2.2]",
          "xunit.v3.core.mtp-v1": "[3.2.2]"
        }
      },
      "xunit.v3.runner.common": {
        "type": "Transitive",
        "resolved": "3.2.2",
        "contentHash": "/hkHkQCzGrugelOAehprm7RIWdsUFVmIVaD6jDH/8DNGCymTlKKPTbGokD5czbAfqfex47mBP0sb0zbHYwrO/g==",
        "dependencies": {
          "Microsoft.Win32.Registry": "[5.0.0]",
          "xunit.v3.common": "[3.2.2]"
        }
      },
      "xunit.v3.runner.inproc.console": {
        "type": "Transitive",
        "resolved": "3.2.2",
        "contentHash": "ulWOdSvCk+bPXijJZ73bth9NyoOHsAs1ZOvamYbCkD4DNLX/Bd29Ve2ZNUwBbK0MqfIYWXHZViy/HKrdEC/izw==",
        "dependencies": {
          "xunit.v3.extensibility.core": "[3.2.2]",
          "xunit.v3.runner.common": "[3.2.2]"
        }
      },
      "opure.cli": {
        "type": "Project",
        "dependencies": {
          "Grpc.Net.Client": "[2.80.0, )",
          "Opure.Filesystem.Contracts": "[1.0.0, )",
          "Opure.Filesystem.Windows": "[1.0.0, )",
          "Opure.Ipc.NamedPipes.Windows": "[1.0.0, )",
          "Opure.Project.Protocol": "[1.0.0, )",
          "Opure.Recovery.Protocol": "[1.0.0, )",
          "Opure.Runtime.Contracts": "[1.0.0, )"
        }
      },
      "opure.configuration": {
        "type": "Project",
        "dependencies": {
          "JsonSchema.Net": "[7.3.0, )",
          "Opure.Configuration.Contracts": "[1.0.0, )",
          "Opure.Persistence.Sqlite": "[1.0.0, )",
          "Opure.Recovery.Contracts": "[1.0.0, )",
          "Opure.Recovery.ServiceAdapters": "[1.0.0, )",
          "Opure.TrustEvidence.Contracts": "[1.0.0, )",
          "Opure.TrustEvidence.Protocol": "[1.0.0, )",
          "Opure.Workspace.Contracts": "[1.0.0, )"
        }
      },
      "opure.configuration.contracts": {
        "type": "Project"
      },
      "opure.desktop": {
        "type": "Project",
        "dependencies": {
          "Avalonia": "[12.1.0, )",
          "Avalonia.Desktop": "[12.1.0, )",
          "Avalonia.Themes.Fluent": "[12.1.0, )",
          "Opure.Desktop.Contracts": "[1.0.0, )",
          "Opure.Desktop.GatewayClient": "[1.0.0, )",
          "Opure.Filesystem.Contracts": "[1.0.0, )",
          "Opure.Filesystem.Windows": "[1.0.0, )"
        }
      },
      "opure.desktop.contracts": {
        "type": "Project",
        "dependencies": {
          "Opure.Runtime.Contracts": "[1.0.0, )"
        }
      },
      "opure.desktop.gatewayclient": {
        "type": "Project",
        "dependencies": {
          "Opure.Desktop.Contracts": "[1.0.0, )",
          "Opure.Filesystem.Windows": "[1.0.0, )",
          "Opure.Ipc.Abstractions": "[1.0.0, )",
          "Opure.Ipc.NamedPipes.Windows": "[1.0.0, )",
          "Opure.Observability": "[1.0.0, )",
          "Opure.Patch.Protocol": "[1.0.0, )",
          "Opure.Project.Protocol": "[1.0.0, )",
          "Opure.Recovery.Protocol": "[1.0.0, )",
          "Opure.Runtime.Contracts": "[1.0.0, )",
          "Opure.TrustEvidence.Protocol": "[1.0.0, )"
        }
      },
      "opure.filesystem.contracts": {
        "type": "Project"
      },
      "opure.filesystem.windows": {
        "type": "Project",
        "dependencies": {
          "Opure.Filesystem.Contracts": "[1.0.0, )"
        }
      },
      "opure.ipc.abstractions": {
        "type": "Project",
        "dependencies": {
          "Opure.Runtime.Contracts": "[1.0.0, )"
        }
      },
      "opure.ipc.namedpipes.windows": {
        "type": "Project",
        "dependencies": {
          "Grpc.AspNetCore.Server": "[2.80.0, )",
          "Grpc.Net.Client": "[2.80.0, )",
          "Opure.Ipc.Abstractions": "[1.0.0, )",
          "Opure.Observability.Contracts": "[1.0.0, )",
          "Opure.Patch.Protocol": "[1.0.0, )",
          "Opure.Project.Protocol": "[1.0.0, )",
          "Opure.Recovery.Protocol": "[1.0.0, )",
          "Opure.Runtime.Contracts": "[1.0.0, )",
          "Opure.TrustEvidence.Protocol": "[1.0.0, )"
        }
      },
      "opure.observability": {
        "type": "Project",
        "dependencies": {
          "Opure.Observability.Contracts": "[1.0.0, )"
        }
      },
      "opure.observability.contracts": {
        "type": "Project"
      },
      "opure.patch.contracts": {
        "type": "Project"
      },
      "opure.patch.protocol": {
        "type": "Project",
        "dependencies": {
          "Google.Protobuf": "[3.35.1, )",
          "Grpc.Core.Api": "[2.80.0, )",
          "Opure.Patch.Contracts": "[1.0.0, )"
        }
      },
      "opure.patch.service": {
        "type": "Project",
        "dependencies": {
          "Opure.Filesystem.Contracts": "[1.0.0, )",
          "Opure.Patch.Contracts": "[1.0.0, )",
          "Opure.Patch.Sqlite": "[1.0.0, )",
          "Opure.TrustEvidence.Contracts": "[1.0.0, )",
          "Opure.TrustEvidence.Sqlite": "[1.0.0, )",
          "Opure.Workspace.Contracts": "[1.0.0, )"
        }
      },
      "opure.patch.sqlite": {
        "type": "Project",
        "dependencies": {
          "Opure.Patch.Contracts": "[1.0.0, )",
          "Opure.Persistence.Sqlite": "[1.0.0, )",
          "Opure.TrustEvidence.Contracts": "[1.0.0, )"
        }
      },
      "opure.persistence.sqlite": {
        "type": "Project",
        "dependencies": {
          "Microsoft.Data.Sqlite": "[10.0.10, )",
          "SQLitePCLRaw.bundle_e_sqlite3": "[2.1.12, )"
        }
      },
      "opure.project.contracts": {
        "type": "Project",
        "dependencies": {
          "Opure.Filesystem.Contracts": "[1.0.0, )"
        }
      },
      "opure.project.protocol": {
        "type": "Project",
        "dependencies": {
          "Google.Protobuf": "[3.35.1, )",
          "Grpc.Core.Api": "[2.80.0, )"
        }
      },
      "opure.project.service": {
        "type": "Project",
        "dependencies": {
          "Opure.Persistence.Sqlite": "[1.0.0, )",
          "Opure.Project.Contracts": "[1.0.0, )",
          "Opure.Project.Protocol": "[1.0.0, )",
          "Opure.Project.Sqlite": "[1.0.0, )",
          "Opure.Repository.Contracts": "[1.0.0, )",
          "Opure.Repository.Git": "[1.0.0, )",
          "Opure.TrustEvidence.Contracts": "[1.0.0, )",
          "Opure.Workspace.Contracts": "[1.0.0, )"
        }
      },
      "opure.project.sqlite": {
        "type": "Project",
        "dependencies": {
          "Opure.Filesystem.Windows": "[1.0.0, )",
          "Opure.Persistence.Sqlite": "[1.0.0, )",
          "Opure.Project.Contracts": "[1.0.0, )",
          "Opure.Project.Protocol": "[1.0.0, )",
          "Opure.Recovery.Contracts": "[1.0.0, )",
          "Opure.Recovery.ServiceAdapters": "[1.0.0, )",
          "Opure.Repository.Contracts": "[1.0.0, )",
          "Opure.TrustEvidence.Contracts": "[1.0.0, )",
          "Opure.Workspace.Contracts": "[1.0.0, )",
          "Opure.Workspace.Windows": "[1.0.0, )"
        }
      },
      "opure.recovery.contracts": {
        "type": "Project"
      },
      "opure.recovery.protocol": {
        "type": "Project",
        "dependencies": {
          "Google.Protobuf": "[3.35.1, )",
          "Grpc.Core.Api": "[2.80.0, )",
          "Opure.Recovery.Contracts": "[1.0.0, )"
        }
      },
      "opure.recovery.service": {
        "type": "Project",
        "dependencies": {
          "Opure.Recovery.Contracts": "[1.0.0, )",
          "Opure.Runtime.Contracts": "[1.0.0, )",
          "Opure.TrustEvidence.Contracts": "[1.0.0, )",
          "Opure.TrustEvidence.Service": "[1.0.0, )"
        }
      },
      "opure.recovery.serviceadapters": {
        "type": "Project",
        "dependencies": {
          "Microsoft.Data.Sqlite": "[10.0.10, )",
          "Opure.Recovery.Contracts": "[1.0.0, )",
          "SQLitePCLRaw.bundle_e_sqlite3": "[2.1.12, )"
        }
      },
      "opure.repository.contracts": {
        "type": "Project",
        "dependencies": {
          "Opure.Filesystem.Contracts": "[1.0.0, )"
        }
      },
      "opure.repository.git": {
        "type": "Project",
        "dependencies": {
          "LibGit2Sharp": "[0.32.0, )",
          "Opure.Filesystem.Contracts": "[1.0.0, )",
          "Opure.Filesystem.Windows": "[1.0.0, )",
          "Opure.Repository.Contracts": "[1.0.0, )"
        }
      },
      "opure.runtime": {
        "type": "Project",
        "dependencies": {
          "NSec.Cryptography": "[24.4.0, )",
          "Opure.Configuration": "[1.0.0, )",
          "Opure.Ipc.Abstractions": "[1.0.0, )",
          "Opure.Ipc.NamedPipes.Windows": "[1.0.0, )",
          "Opure.Observability": "[1.0.0, )",
          "Opure.Observability.Contracts": "[1.0.0, )",
          "Opure.Patch.Service": "[1.0.0, )",
          "Opure.Project.Service": "[1.0.0, )",
          "Opure.Recovery.Service": "[1.0.0, )",
          "Opure.Runtime.Contracts": "[1.0.0, )",
          "Opure.TrustEvidence.Service": "[1.0.0, )",
          "Opure.Workspace.Execution": "[1.0.0, )",
          "Opure.Workspace.Service": "[1.0.0, )"
        }
      },
      "opure.runtime.contracts": {
        "type": "Project",
        "dependencies": {
          "Google.Protobuf": "[3.35.1, )",
          "Grpc.Core.Api": "[2.80.0, )",
          "Opure.Patch.Contracts": "[1.0.0, )",
          "Opure.TrustEvidence.Contracts": "[1.0.0, )",
          "Opure.Workspace.Contracts": "[1.0.0, )"
        }
      },
      "opure.runtime.sqlite": {
        "type": "Project",
        "dependencies": {
          "Microsoft.Data.Sqlite": "[10.0.10, )",
          "Opure.Runtime.Contracts": "[1.0.0, )",
          "SQLitePCLRaw.bundle_e_sqlite3": "[2.1.12, )"
        }
      },
      "opure.trustevidence.contracts": {
        "type": "Project"
      },
      "opure.trustevidence.protocol": {
        "type": "Project",
        "dependencies": {
          "Google.Protobuf": "[3.35.1, )",
          "Grpc.Core.Api": "[2.80.0, )",
          "Opure.TrustEvidence.Contracts": "[1.0.0, )"
        }
      },
      "opure.trustevidence.service": {
        "type": "Project",
        "dependencies": {
          "Opure.TrustEvidence.Contracts": "[1.0.0, )",
          "Opure.TrustEvidence.Protocol": "[1.0.0, )",
          "Opure.TrustEvidence.Sqlite": "[1.0.0, )"
        }
      },
      "opure.trustevidence.sqlite": {
        "type": "Project",
        "dependencies": {
          "Opure.Persistence.Sqlite": "[1.0.0, )",
          "Opure.Recovery.Contracts": "[1.0.0, )",
          "Opure.Recovery.ServiceAdapters": "[1.0.0, )",
          "Opure.TrustEvidence.Contracts": "[1.0.0, )"
        }
      },
      "opure.workspace.containment": {
        "type": "Project",
        "dependencies": {
          "Opure.Workspace.Contracts": "[1.0.0, )"
        }
      },
      "opure.workspace.contracts": {
        "type": "Project"
      },
      "opure.workspace.execution": {
        "type": "Project",
        "dependencies": {
          "Microsoft.CodeAnalysis.CSharp": "[4.11.0, )",
          "Microsoft.Data.Sqlite": "[10.0.10, )",
          "Microsoft.ML.OnnxRuntime": "[1.19.2, )",
          "Microsoft.ML.OnnxRuntime.DirectML": "[1.19.2, )",
          "Microsoft.ML.Tokenizers": "[0.22.0-preview.24378.1, )",
          "Opure.Filesystem.Contracts": "[1.0.0, )",
          "Opure.Filesystem.Windows": "[1.0.0, )",
          "Opure.Patch.Contracts": "[1.0.0, )",
          "Opure.Patch.Service": "[1.0.0, )",
          "Opure.Runtime.Contracts": "[1.0.0, )",
          "Opure.Workspace.Containment": "[1.0.0, )",
          "System.IO.FileSystem.AccessControl": "[5.0.0, )",
          "System.Numerics.Tensors": "[10.0.11, )"
        }
      },
      "opure.workspace.service": {
        "type": "Project",
        "dependencies": {
          "Opure.Filesystem.Windows": "[1.0.0, )",
          "Opure.Persistence.Sqlite": "[1.0.0, )",
          "Opure.TrustEvidence.Contracts": "[1.0.0, )",
          "Opure.Workspace.Contracts": "[1.0.0, )",
          "Opure.Workspace.Execution": "[1.0.0, )",
          "Opure.Workspace.Sqlite": "[1.0.0, )",
          "Opure.Workspace.Windows": "[1.0.0, )"
        }
      },
      "opure.workspace.sqlite": {
        "type": "Project",
        "dependencies": {
          "Opure.Persistence.Sqlite": "[1.0.0, )",
          "Opure.Recovery.Contracts": "[1.0.0, )",
          "Opure.Recovery.ServiceAdapters": "[1.0.0, )",
          "Opure.TrustEvidence.Contracts": "[1.0.0, )",
          "Opure.Workspace.Contracts": "[1.0.0, )"
        }
      },
      "opure.workspace.windows": {
        "type": "Project",
        "dependencies": {
          "Opure.Filesystem.Contracts": "[1.0.0, )",
          "Opure.Filesystem.Windows": "[1.0.0, )",
          "Opure.Workspace.Contracts": "[1.0.0, )"
        }
      },
      "Avalonia": {
        "type": "CentralTransitive",
        "requested": "[12.1.0, )",
        "resolved": "12.1.0",
        "contentHash": "an4ugAy2q6GTdaFl635V8W/LKrWNL+mnSFUprbgyf8m1Zzf9WgoGaF5ajGv5i4gXefMZrzsUPV1QU+kKrgwCWg==",
        "dependencies": {
          "Avalonia.BuildServices": "11.3.2",
          "Avalonia.Remote.Protocol": "12.1.0",
          "MicroCom.Runtime": "0.11.6"
        }
      },
      "Avalonia.Desktop": {
        "type": "CentralTransitive",
        "requested": "[12.1.0, )",
        "resolved": "12.1.0",
        "contentHash": "mxhz50At61IBQbB/bCo5JGp53rPi3GerGO9mFo/v93uBHa4J3cz3NSSqnVWSyQXKbPCwQhrogfEFWbKBgecy1w==",
        "dependencies": {
          "Avalonia": "12.1.0",
          "Avalonia.HarfBuzz": "12.1.0",
          "Avalonia.Native": "12.1.0",
          "Avalonia.Skia": "12.1.0",
          "Avalonia.Win32": "12.1.0",
          "Avalonia.X11": "12.1.0"
        }
      },
      "Avalonia.Themes.Fluent": {
        "type": "CentralTransitive",
        "requested": "[12.1.0, )",
        "resolved": "12.1.0",
        "contentHash": "MVi5L9HymnNm+gP2aNXNcyrP2iKGJWFubQ5Bv8/Przflxca1aIT9QBpTUV6c3olA9rLYFY7MJRR/C/BZaUhemQ==",
        "dependencies": {
          "Avalonia": "12.1.0"
        }
      },
      "Google.Protobuf": {
        "type": "CentralTransitive",
        "requested": "[3.35.1, )",
        "resolved": "3.35.1",
        "contentHash": "pxtkuXhR8svkvDTQrYew9GZQt6eWhblz/V/WKUFrQgkHYlQPsumJTeF6ppHRJpe6j9ffukkd5lQULiiKaek4xA=="
      },
      "Grpc.AspNetCore.Server": {
        "type": "CentralTransitive",
        "requested": "[2.80.0, )",
        "resolved": "2.80.0",
        "contentHash": "lbK7z1sZP5imPdQ035f/CZ61iIaBWouY6A580E9JNo7vzXYX/Qo+GQtSjOzhP9VFbxk7mtLoMhn/v1fT2U7kTw==",
        "dependencies": {
          "Grpc.Net.Common": "2.80.0"
        }
      },
      "Grpc.Core.Api": {
        "type": "CentralTransitive",
        "requested": "[2.80.0, )",
        "resolved": "2.80.0",
        "contentHash": "i/8s+MOrYa6n7BmZ5bilcbHk+EMJDQHm2MKLhwGAT+urQqlZ6cpjvSivYvuULjebuX+UKieLYZbLRCmVQxFRkw=="
      },
      "Grpc.Net.Client": {
        "type": "CentralTransitive",
        "requested": "[2.80.0, )",
        "resolved": "2.80.0",
        "contentHash": "I1Aa24nTRMHqx0pmQfvthFsOpejquDjiJV6092KBqjw6EEr3wA9CMXlrdkoEgHartOiJrpKyZiQRl7n0NVlfBg==",
        "dependencies": {
          "Grpc.Net.Common": "2.80.0",
          "Microsoft.Extensions.Logging.Abstractions": "8.0.0"
        }
      },
      "JsonSchema.Net": {
        "type": "CentralTransitive",
        "requested": "[7.3.0, )",
        "resolved": "7.3.0",
        "contentHash": "NjVeRnxnU6WMn6kmQ/t/VyfnAVT34wWMw8LmUNE0TgIju2YKWvQWsjWTipUaR1bZJA7b/2brAu+xIleJnGFiPw==",
        "dependencies": {
          "JsonPointer.Net": "5.0.0"
        }
      },
      "LibGit2Sharp": {
        "type": "CentralTransitive",
        "requested": "[0.32.0, )",
        "resolved": "0.32.0",
        "contentHash": "BL3eMVRnkWWS9zbz6n0H+iDVJ9ZK7hDeiuASnHlsFvwZYTJtDuBFRRVIaH//s4VlF0baOGvCeenXbobE1JLLiQ==",
        "dependencies": {
          "LibGit2Sharp.NativeBinaries": "[2.0.324]"
        }
      },
      "Microsoft.CodeAnalysis.CSharp": {
        "type": "CentralTransitive",
        "requested": "[4.11.0, )",
        "resolved": "4.11.0",
        "contentHash": "6XYi2EusI8JT4y2l/F3VVVS+ISoIX9nqHsZRaG6W5aFeJ5BEuBosHfT/ABb73FN0RZ1Z3cj2j7cL28SToJPXOw==",
        "dependencies": {
          "Microsoft.CodeAnalysis.Analyzers": "3.3.4",
          "Microsoft.CodeAnalysis.Common": "[4.11.0]"
        }
      },
      "Microsoft.ML.OnnxRuntime": {
        "type": "CentralTransitive",
        "requested": "[1.19.2, )",
        "resolved": "1.19.2",
        "contentHash": "V1v8BebP1ZEFcZf2hGWuN7S5jAqmE2zBOq9RbGebZi2jd/aTZpg4PiTDtpQoGAIhZg4EPQUsHAyOJxwue44pBA==",
        "dependencies": {
          "Microsoft.ML.OnnxRuntime.Managed": "1.19.2"
        }
      },
      "Microsoft.ML.OnnxRuntime.DirectML": {
        "type": "CentralTransitive",
        "requested": "[1.19.2, )",
        "resolved": "1.19.2",
        "contentHash": "tNSSwJoPiJy92mdP6Y2Kb3JyEwxqlzfYkhbtT9QrU2XMGCyXA+Rbc07Y892rTtYBK/8btE3zWCZ3VdEYlHrtfA==",
        "dependencies": {
          "Microsoft.AI.DirectML": "1.15.1",
          "Microsoft.ML.OnnxRuntime.Managed": "1.19.2"
        }
      },
      "Microsoft.ML.Tokenizers": {
        "type": "CentralTransitive",
        "requested": "[0.22.0-preview.24378.1, )",
        "resolved": "0.22.0-preview.24378.1",
        "contentHash": "f+iWRizqQtf5Y1ikhWreKUryHizbciL/mhh5fS2+hbu5ECgth2ZbI7KSi9otQOe3z3PFPp7USgUnyFIVav2Qhg==",
        "dependencies": {
          "Google.Protobuf": "3.19.6"
        }
      },
      "NSec.Cryptography": {
        "type": "CentralTransitive",
        "requested": "[24.4.0, )",
        "resolved": "24.4.0",
        "contentHash": "R89OF0T5OY9QnPRoTsMCaPKMqtXcWKZSWAO4zyUaFHI+ZRMgXU7WaIwg/rPP3vOfdaLl8HdUHWkDB+2B9FOO7g==",
        "dependencies": {
          "libsodium": "[1.0.19, 1.0.20)"
        }
      },
      "System.IO.FileSystem.AccessControl": {
        "type": "CentralTransitive",
        "requested": "[5.0.0, )",
        "resolved": "5.0.0",
        "contentHash": "SxHB3nuNrpptVk+vZ/F+7OHEpoHUIKKMl02bUmYHQr1r+glbZQxs7pRtsf4ENO29TVm2TH3AEeep2fJcy92oYw=="
      },
      "System.Numerics.Tensors": {
        "type": "CentralTransitive",
        "requested": "[10.0.11, )",
        "resolved": "10.0.11",
        "contentHash": "4jNNt67NhCqf3bf2FN0mrsC+EH60L7Sny6poqVeiviB27Kw7TQzMmgn8HIaPc8E9EcuGusUyfeu21gLfzcBpDA=="
      }
    }
  }
}