{
  "version": 2,
  "dependencies": {
    "net10.0": {
      "Nerdbank.GitVersioning": {
        "type": "Direct",
        "requested": "[3.10.70, )",
        "resolved": "3.10.70",
        "contentHash": "ekrfhtcVnPp4rn3+41MCh2eTBC4DKxCtqZFeA1AF5fAIrMNHQGNaCzG8+HdrCLDmDuHpGfKvL1ukTtAK1iN+UA=="
      },
      "Microsoft.AI.DirectML": {
        "type": "Transitive",
        "resolved": "1.15.1",
        "contentHash": "j1zJaXb6nKpYFaHLTH/jA5xr0Am1TeRUadkve63Gs1Mkg6xZiwDbXvPg4qMDRcpEZmYKzwHax53duheEz3nzAg=="
      },
      "Microsoft.CodeAnalysis.Analyzers": {
        "type": "Transitive",
        "resolved": "3.3.4",
        "contentHash": "AxkxcPR+rheX0SmvpLVIGLhOUXAKG56a64kV9VQZ4y9gR9ZmPXnqZvHJnmwLSwzrEP6junUF11vuc+aqo5r68g=="
      },
      "Microsoft.CodeAnalysis.Common": {
        "type": "Transitive",
        "resolved": "4.11.0",
        "contentHash": "djf8ujmqYImFgB04UGtcsEhHrzVqzHowS+EEl/Yunc5LdrYrZhGBWUTXoCF0NzYXJxtfuD+UVQarWpvrNc94Qg==",
        "dependencies": {
          "Microsoft.CodeAnalysis.Analyzers": "3.3.4"
        }
      },
      "Microsoft.Data.Sqlite.Core": {
        "type": "Transitive",
        "resolved": "10.0.10",
        "contentHash": "TPCs0ldm7AWqcKmp6f/Xr+14sat7hx4rHfRlS4RgCURBH2thEWbAKEyX7cCWr63zVJVOJIJZTg2cBiUXa8ys6g==",
        "dependencies": {
          "SQLitePCLRaw.core": "2.1.11"
        }
      },
      "Microsoft.ML.OnnxRuntime.Managed": {
        "type": "Transitive",
        "resolved": "1.19.2",
        "contentHash": "4oNu7/L1ar3PmXNvAnary0/MbyqNkKDmisrG54QVbFoSuW1GNw1CcWDBrlYHbafo41p4/cnVQ3lF/IHuSm8quQ=="
      },
      "SQLitePCLRaw.core": {
        "type": "Transitive",
        "resolved": "2.1.12",
        "contentHash": "ETpNw9DY3ckWLgRRAeCHj+GKOuPi61aeczkXhgHexUvqoZBAYg8RYESE2J7O1M7+o6QbdSEZwrw9bfqztUVWXg=="
      },
      "SQLitePCLRaw.lib.e_sqlite3": {
        "type": "Transitive",
        "resolved": "2.1.12",
        "contentHash": "fWi8Dbknuhgg72fWinIdjXVaqO1hHL4YBBwVLnr7e1c9TAZwJ0QE38j9syW1hwx6HaqEVTwI+O07WPdZn8Rp0w=="
      },
      "SQLitePCLRaw.provider.e_sqlite3": {
        "type": "Transitive",
        "resolved": "2.1.12",
        "contentHash": "W3oH4XIfCzFrgUSDKHhN6N+dgzA5YHOR2VxX8GB6Qy7CyrJJgxPEG8NirgYWlPQC5P2jz2knSsexWu4tDUL33g==",
        "dependencies": {
          "SQLitePCLRaw.core": "2.1.12"
        }
      },
      "opure.filesystem.contracts": {
        "type": "Project"
      },
      "opure.filesystem.windows": {
        "type": "Project",
        "dependencies": {
          "Opure.Filesystem.Contracts": "[1.0.0, )"
        }
      },
      "opure.patch.contracts": {
        "type": "Project"
      },
      "opure.patch.service": {
        "type": "Project",
        "dependencies": {
          "Opure.Filesystem.Contracts": "[1.0.0, )",
          "Opure.Patch.Contracts": "[1.0.0, )",
          "Opure.Patch.Sqlite": "[1.0.0, )",
          "Opure.TrustEvidence.Contracts": "[1.0.0, )",
          "Opure.TrustEvidence.Sqlite": "[1.0.0, )",
          "Opure.Workspace.Contracts": "[1.0.0, )"
        }
      },
      "opure.patch.sqlite": {
        "type": "Project",
        "dependencies": {
          "Opure.Patch.Contracts": "[1.0.0, )",
          "Opure.Persistence.Sqlite": "[1.0.0, )",
          "Opure.TrustEvidence.Contracts": "[1.0.0, )"
        }
      },
      "opure.persistence.sqlite": {
        "type": "Project",
        "dependencies": {
          "Microsoft.Data.Sqlite": "[10.0.10, )",
          "SQLitePCLRaw.bundle_e_sqlite3": "[2.1.12, )"
        }
      },
      "opure.recovery.contracts": {
        "type": "Project"
      },
      "opure.recovery.serviceadapters": {
        "type": "Project",
        "dependencies": {
          "Microsoft.Data.Sqlite": "[10.0.10, )",
          "Opure.Recovery.Contracts": "[1.0.0, )",
          "SQLitePCLRaw.bundle_e_sqlite3": "[2.1.12, )"
        }
      },
      "opure.runtime.contracts": {
        "type": "Project",
        "dependencies": {
          "Google.Protobuf": "[3.35.1, )",
          "Grpc.Core.Api": "[2.80.0, )",
          "Opure.Patch.Contracts": "[1.0.0, )",
          "Opure.TrustEvidence.Contracts": "[1.0.0, )",
          "Opure.Workspace.Contracts": "[1.0.0, )"
        }
      },
      "opure.trustevidence.contracts": {
        "type": "Project"
      },
      "opure.trustevidence.sqlite": {
        "type": "Project",
        "dependencies": {
          "Opure.Persistence.Sqlite": "[1.0.0, )",
          "Opure.Recovery.Contracts": "[1.0.0, )",
          "Opure.Recovery.ServiceAdapters": "[1.0.0, )",
          "Opure.TrustEvidence.Contracts": "[1.0.0, )"
        }
      },
      "opure.workspace.containment": {
        "type": "Project",
        "dependencies": {
          "Opure.Workspace.Contracts": "[1.0.0, )"
        }
      },
      "opure.workspace.contracts": {
        "type": "Project"
      },
      "opure.workspace.execution": {
        "type": "Project",
        "dependencies": {
          "Microsoft.CodeAnalysis.CSharp": "[4.11.0, )",
          "Microsoft.Data.Sqlite": "[10.0.10, )",
          "Microsoft.ML.OnnxRuntime": "[1.19.2, )",
          "Microsoft.ML.OnnxRuntime.DirectML": "[1.19.2, )",
          "Microsoft.ML.Tokenizers": "[0.22.0-preview.24378.1, )",
          "Opure.Filesystem.Contracts": "[1.0.0, )",
          "Opure.Filesystem.Windows": "[1.0.0, )",
          "Opure.Patch.Contracts": "[1.0.0, )",
          "Opure.Patch.Service": "[1.0.0, )",
          "Opure.Runtime.Contracts": "[1.0.0, )",
          "Opure.Workspace.Containment": "[1.0.0, )",
          "System.IO.FileSystem.AccessControl": "[5.0.0, )",
          "System.Numerics.Tensors": "[10.0.11, )"
        }
      },
      "opure.workspace.sqlite": {
        "type": "Project",
        "dependencies": {
          "Opure.Persistence.Sqlite": "[1.0.0, )",
          "Opure.Recovery.Contracts": "[1.0.0, )",
          "Opure.Recovery.ServiceAdapters": "[1.0.0, )",
          "Opure.TrustEvidence.Contracts": "[1.0.0, )",
          "Opure.Workspace.Contracts": "[1.0.0, )"
        }
      },
      "opure.workspace.windows": {
        "type": "Project",
        "dependencies": {
          "Opure.Filesystem.Contracts": "[1.0.0, )",
          "Opure.Filesystem.Windows": "[1.0.0, )",
          "Opure.Workspace.Contracts": "[1.0.0, )"
        }
      },
      "Google.Protobuf": {
        "type": "CentralTransitive",
        "requested": "[3.35.1, )",
        "resolved": "3.35.1",
        "contentHash": "pxtkuXhR8svkvDTQrYew9GZQt6eWhblz/V/WKUFrQgkHYlQPsumJTeF6ppHRJpe6j9ffukkd5lQULiiKaek4xA=="
      },
      "Grpc.Core.Api": {
        "type": "CentralTransitive",
        "requested": "[2.80.0, )",
        "resolved": "2.80.0",
        "contentHash": "i/8s+MOrYa6n7BmZ5bilcbHk+EMJDQHm2MKLhwGAT+urQqlZ6cpjvSivYvuULjebuX+UKieLYZbLRCmVQxFRkw=="
      },
      "Microsoft.CodeAnalysis.CSharp": {
        "type": "CentralTransitive",
        "requested": "[4.11.0, )",
        "resolved": "4.11.0",
        "contentHash": "6XYi2EusI8JT4y2l/F3VVVS+ISoIX9nqHsZRaG6W5aFeJ5BEuBosHfT/ABb73FN0RZ1Z3cj2j7cL28SToJPXOw==",
        "dependencies": {
          "Microsoft.CodeAnalysis.Analyzers": "3.3.4",
          "Microsoft.CodeAnalysis.Common": "[4.11.0]"
        }
      },
      "Microsoft.Data.Sqlite": {
        "type": "CentralTransitive",
        "requested": "[10.0.10, )",
        "resolved": "10.0.10",
        "contentHash": "58JwZ39lCvRXHfV5O6RQfbHEDu8ZsXI7weRoVRR4jrGRxxkS+qyeuGrN2xD+9VYEICApYr0iTSL6PuU+DdsvPg==",
        "dependencies": {
          "Microsoft.Data.Sqlite.Core": "10.0.10",
          "SQLitePCLRaw.bundle_e_sqlite3": "2.1.11",
          "SQLitePCLRaw.core": "2.1.11"
        }
      },
      "Microsoft.ML.OnnxRuntime": {
        "type": "CentralTransitive",
        "requested": "[1.19.2, )",
        "resolved": "1.19.2",
        "contentHash": "V1v8BebP1ZEFcZf2hGWuN7S5jAqmE2zBOq9RbGebZi2jd/aTZpg4PiTDtpQoGAIhZg4EPQUsHAyOJxwue44pBA==",
        "dependencies": {
          "Microsoft.ML.OnnxRuntime.Managed": "1.19.2"
        }
      },
      "Microsoft.ML.OnnxRuntime.DirectML": {
        "type": "CentralTransitive",
        "requested": "[1.19.2, )",
        "resolved": "1.19.2",
        "contentHash": "tNSSwJoPiJy92mdP6Y2Kb3JyEwxqlzfYkhbtT9QrU2XMGCyXA+Rbc07Y892rTtYBK/8btE3zWCZ3VdEYlHrtfA==",
        "dependencies": {
          "Microsoft.AI.DirectML": "1.15.1",
          "Microsoft.ML.OnnxRuntime.Managed": "1.19.2"
        }
      },
      "Microsoft.ML.Tokenizers": {
        "type": "CentralTransitive",
        "requested": "[0.22.0-preview.24378.1, )",
        "resolved": "0.22.0-preview.24378.1",
        "contentHash": "f+iWRizqQtf5Y1ikhWreKUryHizbciL/mhh5fS2+hbu5ECgth2ZbI7KSi9otQOe3z3PFPp7USgUnyFIVav2Qhg==",
        "dependencies": {
          "Google.Protobuf": "3.19.6"
        }
      },
      "SQLitePCLRaw.bundle_e_sqlite3": {
        "type": "CentralTransitive",
        "requested": "[2.1.12, )",
        "resolved": "2.1.12",
        "contentHash": "mAgscpQMLw5/nfA1Q5oJVAT29yROUo1ifZGbbTpx/lwZpSxMUGoYbKfmvdm8oXER+RzxqBmmQzeBEVKfeHv2nw==",
        "dependencies": {
          "SQLitePCLRaw.lib.e_sqlite3": "2.1.12",
          "SQLitePCLRaw.provider.e_sqlite3": "2.1.12"
        }
      },
      "System.IO.FileSystem.AccessControl": {
        "type": "CentralTransitive",
        "requested": "[5.0.0, )",
        "resolved": "5.0.0",
        "contentHash": "SxHB3nuNrpptVk+vZ/F+7OHEpoHUIKKMl02bUmYHQr1r+glbZQxs7pRtsf4ENO29TVm2TH3AEeep2fJcy92oYw=="
      },
      "System.Numerics.Tensors": {
        "type": "CentralTransitive",
        "requested": "[10.0.11, )",
        "resolved": "10.0.11",
        "contentHash": "4jNNt67NhCqf3bf2FN0mrsC+EH60L7Sny6poqVeiviB27Kw7TQzMmgn8HIaPc8E9EcuGusUyfeu21gLfzcBpDA=="
      }
    }
  }
}